
Microsoft Visual Studio Solution File, Format Version 12.00
# Visual Studio Version 16
VisualStudioVersion = 25.0.1706.7
MinimumVisualStudioVersion = 10.0.40219.1
Project("{FAE04EC0-301F-11D3-BF4B-00C04F79EFBC}") = "day8", "day8\day8.csproj", "{C0424B3A-4C43-444E-9EA9-2C3C1DD56FFD}"
EndProject
Global
	GlobalSection(SolutionConfigurationPlatforms) = preSolution
		Debug|Any CPU = Debug|Any CPU
		Release|Any CPU = Release|Any CPU
	EndGlobalSection
	GlobalSection(ProjectConfigurationPlatforms) = postSolution
		{C0424B3A-4C43-444E-9EA9-2C3C1DD56FFD}.Debug|Any CPU.ActiveCfg = Debug|Any CPU
		{C0424B3A-4C43-444E-9EA9-2C3C1DD56FFD}.Debug|Any CPU.Build.0 = Debug|Any CPU
		{C0424B3A-4C43-444E-9EA9-2C3C1DD56FFD}.Release|Any CPU.ActiveCfg = Release|Any CPU
		{C0424B3A-4C43-444E-9EA9-2C3C1DD56FFD}.Release|Any CPU.Build.0 = Release|Any CPU
	EndGlobalSection
	GlobalSection(SolutionProperties) = preSolution
		HideSolutionNode = FALSE
	EndGlobalSection
	GlobalSection(ExtensibilityGlobals) = postSolution
		SolutionGuid = {5674C1DC-1C0D-45D4-947F-886A9E850906}
	EndGlobalSection
EndGlobal
